
Microsoft Visual Studio Solution File, Format Version 12.00
# Visual Studio Version 16
VisualStudioVersion = 16.0.32510.428
MinimumVisualStudioVersion = 10.0.40219.1
Project("{8BC9CEB8-8B4A-11D0-8D11-00A0C91BC942}") = "MirDll", "MirDll\MirDll.vcxproj", "{BC7293D5-C6B3-4005-AAA1-96171DE8ADD6}"
EndProject
Global
	GlobalSection(SolutionConfigurationPlatforms) = preSolution
		Debug|x64 = Debug|x64
		Debug|x86 = Debug|x86
		Release|x64 = Release|x64
		Release|x86 = Release|x86
	EndGlobalSection
	GlobalSection(ProjectConfigurationPlatforms) = postSolution
		{BC7293D5-C6B3-4005-AAA1-96171DE8ADD6}.Debug|x64.ActiveCfg = Debug|x64
		{BC7293D5-C6B3-4005-AAA1-96171DE8ADD6}.Debug|x64.Build.0 = Debug|x64
		{BC7293D5-C6B3-4005-AAA1-96171DE8ADD6}.Debug|x86.ActiveCfg = Debug|Win32
		{BC7293D5-C6B3-4005-AAA1-96171DE8ADD6}.Debug|x86.Build.0 = Debug|Win32
		{BC7293D5-C6B3-4005-AAA1-96171DE8ADD6}.Release|x64.ActiveCfg = Release|x64
		{BC7293D5-C6B3-4005-AAA1-96171DE8ADD6}.Release|x64.Build.0 = Release|x64
		{BC7293D5-C6B3-4005-AAA1-96171DE8ADD6}.Release|x86.ActiveCfg = Release|Win32
		{BC7293D5-C6B3-4005-AAA1-96171DE8ADD6}.Release|x86.Build.0 = Release|Win32
	EndGlobalSection
	GlobalSection(SolutionProperties) = preSolution
		HideSolutionNode = FALSE
	EndGlobalSection
	GlobalSection(ExtensibilityGlobals) = postSolution
		SolutionGuid = {0B54D27C-704A-4923-BCEE-4FB540602BC4}
	EndGlobalSection
EndGlobal
